{
  "name": "@webbro-software/wbtask",
  "version": "1.0.0",
  "lockfileVersion": 3,
  "requires": true,
  "packages": {
    "": {
      "name": "@webbro-software/wbtask",
      "version": "1.0.0",
      "license": "MIT",
      "dependencies": {
        "@webbro-software/auraterm": "^1.0.3"
      },
      "bin": {
        "wbtm": "src/bin/wbtm.js"
      }
    },
    "node_modules/@webbro-software/auraterm": {
      "version": "1.0.3",
      "resolved": "https://registry.npmjs.org/@webbro-software/auraterm/-/auraterm-1.0.3.tgz",
      "integrity": "sha512-6U27XZdP3UOgG64HmhUN3NF36x5hM42WF7IXvyptTm8xd86t7TdyzZ308Sh5MidBhFYTFueenj7IsVl+PCI8Cw==",
      "engines": {
        "node": ">=14"
      }
    }
  }
}
